
Microsoft Visual Studio Solution File, Format Version 12.00
# Visual Studio Version 16
VisualStudioVersion = 16.0.31112.23
MinimumVisualStudioVersion = 10.0.40219.1
Project("{FAE04EC0-301F-11D3-BF4B-00C04F79EFBC}") = "IronGUI", "IronGUI\IronGUI.csproj", "{6C428040-FE51-4B0A-AE13-E1FE08A53722}"
EndProject
Project("{FAE04EC0-301F-11D3-BF4B-00C04F79EFBC}") = "Iron.Core", "Iron.Core\Iron.Core.csproj", "{17AD05CF-439D-41D5-984C-1E7313AA1959}"
EndProject
Project("{FAE04EC0-301F-11D3-BF4B-00C04F79EFBC}") = "Iron.DataAccess", "Iron.DataAccess\Iron.DataAccess.csproj", "{DDACE389-A206-4AEB-9ADE-FACC22A3AE38}"
EndProject
Project("{FAE04EC0-301F-11D3-BF4B-00C04F79EFBC}") = "Iron.Entities", "Iron.Entities\Iron.Entities.csproj", "{771A21C0-E617-4F4E-8452-1B82CE81E663}"
EndProject
Global
	GlobalSection(SolutionConfigurationPlatforms) = preSolution
		Debug|Any CPU = Debug|Any CPU
		Release|Any CPU = Release|Any CPU
	EndGlobalSection
	GlobalSection(ProjectConfigurationPlatforms) = postSolution
		{6C428040-FE51-4B0A-AE13-E1FE08A53722}.Debug|Any CPU.ActiveCfg = Debug|Any CPU
		{6C428040-FE51-4B0A-AE13-E1FE08A53722}.Debug|Any CPU.Build.0 = Debug|Any CPU
		{6C428040-FE51-4B0A-AE13-E1FE08A53722}.Release|Any CPU.ActiveCfg = Release|Any CPU
		{6C428040-FE51-4B0A-AE13-E1FE08A53722}.Release|Any CPU.Build.0 = Release|Any CPU
		{17AD05CF-439D-41D5-984C-1E7313AA1959}.Debug|Any CPU.ActiveCfg = Debug|Any CPU
		{17AD05CF-439D-41D5-984C-1E7313AA1959}.Debug|Any CPU.Build.0 = Debug|Any CPU
		{17AD05CF-439D-41D5-984C-1E7313AA1959}.Release|Any CPU.ActiveCfg = Release|Any CPU
		{17AD05CF-439D-41D5-984C-1E7313AA1959}.Release|Any CPU.Build.0 = Release|Any CPU
		{DDACE389-A206-4AEB-9ADE-FACC22A3AE38}.Debug|Any CPU.ActiveCfg = Debug|Any CPU
		{DDACE389-A206-4AEB-9ADE-FACC22A3AE38}.Debug|Any CPU.Build.0 = Debug|Any CPU
		{DDACE389-A206-4AEB-9ADE-FACC22A3AE38}.Release|Any CPU.ActiveCfg = Release|Any CPU
		{DDACE389-A206-4AEB-9ADE-FACC22A3AE38}.Release|Any CPU.Build.0 = Release|Any CPU
		{771A21C0-E617-4F4E-8452-1B82CE81E663}.Debug|Any CPU.ActiveCfg = Debug|Any CPU
		{771A21C0-E617-4F4E-8452-1B82CE81E663}.Debug|Any CPU.Build.0 = Debug|Any CPU
		{771A21C0-E617-4F4E-8452-1B82CE81E663}.Release|Any CPU.ActiveCfg = Release|Any CPU
		{771A21C0-E617-4F4E-8452-1B82CE81E663}.Release|Any CPU.Build.0 = Release|Any CPU
	EndGlobalSection
	GlobalSection(SolutionProperties) = preSolution
		HideSolutionNode = FALSE
	EndGlobalSection
	GlobalSection(ExtensibilityGlobals) = postSolution
		SolutionGuid = {BC62ACAE-2E76-4D64-BB83-A4D89827C432}
	EndGlobalSection
EndGlobal
